
Microsoft Visual Studio Solution File, Format Version 12.00
# Visual Studio Version 17
VisualStudioVersion = 17.9.34728.123
MinimumVisualStudioVersion = 10.0.40219.1
Project("{9A19103F-16F7-4668-BE54-9A1E7A4F7556}") = "wfc", "wfc\wfc.csproj", "{68FAA4EE-6389-4187-A439-D3F80FFC0E30}"
EndProject
Project("{FAE04EC0-301F-11D3-BF4B-00C04F79EFBC}") = "WFCTests", "WFCTests\WFCTests.csproj", "{5644A779-8D73-4BD8-A156-1B08B07C83C5}"
EndProject
Global
	GlobalSection(SolutionConfigurationPlatforms) = preSolution
		Debug|Any CPU = Debug|Any CPU
		Release|Any CPU = Release|Any CPU
	EndGlobalSection
	GlobalSection(ProjectConfigurationPlatforms) = postSolution
		{68FAA4EE-6389-4187-A439-D3F80FFC0E30}.Debug|Any CPU.ActiveCfg = Debug|Any CPU
		{68FAA4EE-6389-4187-A439-D3F80FFC0E30}.Debug|Any CPU.Build.0 = Debug|Any CPU
		{68FAA4EE-6389-4187-A439-D3F80FFC0E30}.Release|Any CPU.ActiveCfg = Release|Any CPU
		{68FAA4EE-6389-4187-A439-D3F80FFC0E30}.Release|Any CPU.Build.0 = Release|Any CPU
		{5644A779-8D73-4BD8-A156-1B08B07C83C5}.Debug|Any CPU.ActiveCfg = Debug|Any CPU
		{5644A779-8D73-4BD8-A156-1B08B07C83C5}.Debug|Any CPU.Build.0 = Debug|Any CPU
		{5644A779-8D73-4BD8-A156-1B08B07C83C5}.Release|Any CPU.ActiveCfg = Release|Any CPU
		{5644A779-8D73-4BD8-A156-1B08B07C83C5}.Release|Any CPU.Build.0 = Release|Any CPU
	EndGlobalSection
	GlobalSection(SolutionProperties) = preSolution
		HideSolutionNode = FALSE
	EndGlobalSection
	GlobalSection(ExtensibilityGlobals) = postSolution
		SolutionGuid = {5A07ECAA-4184-43BE-B0AA-DE61337071D2}
	EndGlobalSection
EndGlobal
